// !$*UTF8*$!
{
	archiveVersion = 1;
	classes = {
	};
	objectVersion = 56;
	objects = {

/* Begin PBXBuildFile section */
		DE27ADAA2B5B5ABD004E1C8B /* NFCSamplerApp.swift in Sources */ = {isa = PBXBuildFile; fileRef = DE27ADA92B5B5ABD004E1C8B /* NFCSamplerApp.swift */; };
		DE27ADAC2B5B5ABD004E1C8B /* ContentView.swift in Sources */ = {isa = PBXBuildFile; fileRef = DE27ADAB2B5B5ABD004E1C8B /* ContentView.swift */; };
		DE27ADAE2B5B5ABE004E1C8B /* Assets.xcassets in Resources */ = {isa = PBXBuildFile; fileRef = DE27ADAD2B5B5ABE004E1C8B /* Assets.xcassets */; };
		DE27ADB12B5B5ABE004E1C8B /* Preview Assets.xcassets in Resources */ = {isa = PBXBuildFile; fileRef = DE27ADB02B5B5ABE004E1C8B /* Preview Assets.xcassets */; };
		DE27ADBB2B5B5ABE004E1C8B /* NFCSamplerTests.swift in Sources */ = {isa = PBXBuildFile; fileRef = DE27ADBA2B5B5ABE004E1C8B /* NFCSamplerTests.swift */; };
		DE27ADC52B5B5ABE004E1C8B /* NFCSamplerUITests.swift in Sources */ = {isa = PBXBuildFile; fileRef = DE27ADC42B5B5ABE004E1C8B /* NFCSamplerUITests.swift */; };
		DE27ADC72B5B5ABE004E1C8B /* NFCSamplerUITestsLaunchTests.swift in Sources */ = {isa = PBXBuildFile; fileRef = DE27ADC62B5B5ABE004E1C8B /* NFCSamplerUITestsLaunchTests.swift */; };
		DE27ADD62B5B5B18004E1C8B /* NFCTagReader.swift in Sources */ = {isa = PBXBuildFile; fileRef = DE27ADD52B5B5B18004E1C8B /* NFCTagReader.swift */; };
		DE27ADD82B5B6E81004E1C8B /* Utility.swift in Sources */ = {isa = PBXBuildFile; fileRef = DE27ADD72B5B6E81004E1C8B /* Utility.swift */; };
/* End PBXBuildFile section */

/* Begin PBXContainerItemProxy section */
		DE27ADB72B5B5ABE004E1C8B /* PBXContainerItemProxy */ = {
			isa = PBXContainerItemProxy;
			containerPortal = DE27AD9E2B5B5ABD004E1C8B /* Project object */;
			proxyType = 1;
			remoteGlobalIDString = DE27ADA52B5B5ABD004E1C8B;
			remoteInfo = NFCSampler;
		};
		DE27ADC12B5B5ABE004E1C8B /* PBXContainerItemProxy */ = {
			isa = PBXContainerItemProxy;
			containerPortal = DE27AD9E2B5B5ABD004E1C8B /* Project object */;
			proxyType = 1;
			remoteGlobalIDString = DE27ADA52B5B5ABD004E1C8B;
			remoteInfo = NFCSampler;
		};
/* End PBXContainerItemProxy section */

/* Begin PBXFileReference section */
		DE27ADA62B5B5ABD004E1C8B /* NFCSampler.app */ = {isa = PBXFileReference; explicitFileType = wrapper.application; includeInIndex = 0; path = NFCSampler.app; sourceTree = BUILT_PRODUCTS_DIR; };
		DE27ADA92B5B5ABD004E1C8B /* NFCSamplerApp.swift */ = {isa = PBXFileReference; lastKnownFileType = sourcecode.swift; path = NFCSamplerApp.swift; sourceTree = "<group>"; };
		DE27ADAB2B5B5ABD004E1C8B /* ContentView.swift */ = {isa = PBXFileReference; lastKnownFileType = sourcecode.swift; path = ContentView.swift; sourceTree = "<group>"; };
		DE27ADAD2B5B5ABE004E1C8B /* Assets.xcassets */ = {isa = PBXFileReference; lastKnownFileType = folder.assetcatalog; path = Assets.xcassets; sourceTree = "<group>"; };
		DE27ADB02B5B5ABE004E1C8B /* Preview Assets.xcassets */ = {isa = PBXFileReference; lastKnownFileType = folder.assetcatalog; path = "Preview Assets.xcassets"; sourceTree = "<group>"; };
		DE27ADB62B5B5ABE004E1C8B /* NFCSamplerTests.xctest */ = {isa = PBXFileReference; explicitFileType = wrapper.cfbundle; includeInIndex = 0; path = NFCSamplerTests.xctest; sourceTree = BUILT_PRODUCTS_DIR; };
		DE27ADBA2B5B5ABE004E1C8B /* NFCSamplerTests.swift */ = {isa = PBXFileReference; lastKnownFileType = sourcecode.swift; path = NFCSamplerTests.swift; sourceTree = "<group>"; };
		DE27ADC02B5B5ABE004E1C8B /* NFCSamplerUITests.xctest */ = {isa = PBXFileReference; explicitFileType = wrapper.cfbundle; includeInIndex = 0; path = NFCSamplerUITests.xctest; sourceTree = BUILT_PRODUCTS_DIR; };
		DE27ADC42B5B5ABE004E1C8B /* NFCSamplerUITests.swift */ = {isa = PBXFileReference; lastKnownFileType = sourcecode.swift; path = NFCSamplerUITests.swift; sourceTree = "<group>"; };
		DE27ADC62B5B5ABE004E1C8B /* NFCSamplerUITestsLaunchTests.swift */ = {isa = PBXFileReference; lastKnownFileType = sourcecode.swift; path = NFCSamplerUITestsLaunchTests.swift; sourceTree = "<group>"; };
		DE27ADD32B5B5AD6004E1C8B /* NFCSampler.entitlements */ = {isa = PBXFileReference; lastKnownFileType = text.plist.entitlements; path = NFCSampler.entitlements; sourceTree = "<group>"; };
		DE27ADD42B5B5AFD004E1C8B /* Info.plist */ = {isa = PBXFileReference; lastKnownFileType = text.plist; path = Info.plist; sourceTree = "<group>"; };
		DE27ADD52B5B5B18004E1C8B /* NFCTagReader.swift */ = {isa = PBXFileReference; lastKnownFileType = sourcecode.swift; path = NFCTagReader.swift; sourceTree = "<group>"; };
		DE27ADD72B5B6E81004E1C8B /* Utility.swift */ = {isa = PBXFileReference; lastKnownFileType = sourcecode.swift; path = Utility.swift; sourceTree = "<group>"; };
/* End PBXFileReference section */

/* Begin PBXFrameworksBuildPhase section */
		DE27ADA32B5B5ABD004E1C8B /* Frameworks */ = {
			isa = PBXFrameworksBuildPhase;
			buildActionMask = 2147483647;
			files = (
			);
			runOnlyForDeploymentPostprocessing = 0;
		};
		DE27ADB32B5B5ABE004E1C8B /* Frameworks */ = {
			isa = PBXFrameworksBuildPhase;
			buildActionMask = 2147483647;
			files = (
			);
			runOnlyForDeploymentPostprocessing = 0;
		};
		DE27ADBD2B5B5ABE004E1C8B /* Frameworks */ = {
			isa = PBXFrameworksBuildPhase;
			buildActionMask = 2147483647;
			files = (
			);
			runOnlyForDeploymentPostprocessing = 0;
		};
/* End PBXFrameworksBuildPhase section */

/* Begin PBXGroup section */
		DE27AD9D2B5B5ABD004E1C8B = {
			isa = PBXGroup;
			children = (
				DE27ADA82B5B5ABD004E1C8B /* NFCSampler */,
				DE27ADB92B5B5ABE004E1C8B /* NFCSamplerTests */,
				DE27ADC32B5B5ABE004E1C8B /* NFCSamplerUITests */,
				DE27ADA72B5B5ABD004E1C8B /* Products */,
			);
			sourceTree = "<group>";
		};
		DE27ADA72B5B5ABD004E1C8B /* Products */ = {
			isa = PBXGroup;
			children = (
				DE27ADA62B5B5ABD004E1C8B /* NFCSampler.app */,
				DE27ADB62B5B5ABE004E1C8B /* NFCSamplerTests.xctest */,
				DE27ADC02B5B5ABE004E1C8B /* NFCSamplerUITests.xctest */,
			);
			name = Products;
			sourceTree = "<group>";
		};
		DE27ADA82B5B5ABD004E1C8B /* NFCSampler */ = {
			isa = PBXGroup;
			children = (
				DE27ADD42B5B5AFD004E1C8B /* Info.plist */,
				DE27ADD32B5B5AD6004E1C8B /* NFCSampler.entitlements */,
				DE27ADA92B5B5ABD004E1C8B /* NFCSamplerApp.swift */,
				DE27ADAB2B5B5ABD004E1C8B /* ContentView.swift */,
				DE27ADD52B5B5B18004E1C8B /* NFCTagReader.swift */,
				DE27ADD72B5B6E81004E1C8B /* Utility.swift */,
				DE27ADAD2B5B5ABE004E1C8B /* Assets.xcassets */,
				DE27ADAF2B5B5ABE004E1C8B /* Preview Content */,
			);
			path = NFCSampler;
			sourceTree = "<group>";
		};
		DE27ADAF2B5B5ABE004E1C8B /* Preview Content */ = {
			isa = PBXGroup;
			children = (
				DE27ADB02B5B5ABE004E1C8B /* Preview Assets.xcassets */,
			);
			path = "Preview Content";
			sourceTree = "<group>";
		};
		DE27ADB92B5B5ABE004E1C8B /* NFCSamplerTests */ = {
			isa = PBXGroup;
			children = (
				DE27ADBA2B5B5ABE004E1C8B /* NFCSamplerTests.swift */,
			);
			path = NFCSamplerTests;
			sourceTree = "<group>";
		};
		DE27ADC32B5B5ABE004E1C8B /* NFCSamplerUITests */ = {
			isa = PBXGroup;
			children = (
				DE27ADC42B5B5ABE004E1C8B /* NFCSamplerUITests.swift */,
				DE27ADC62B5B5ABE004E1C8B /* NFCSamplerUITestsLaunchTests.swift */,
			);
			path = NFCSamplerUITests;
			sourceTree = "<group>";
		};
/* End PBXGroup section */

/* Begin PBXNativeTarget section */
		DE27ADA52B5B5ABD004E1C8B /* NFCSampler */ = {
			isa = PBXNativeTarget;
			buildConfigurationList = DE27ADCA2B5B5ABE004E1C8B /* Build configuration list for PBXNativeTarget "NFCSampler" */;
			buildPhases = (
				DE27ADA22B5B5ABD004E1C8B /* Sources */,
				DE27ADA32B5B5ABD004E1C8B /* Frameworks */,
				DE27ADA42B5B5ABD004E1C8B /* Resources */,
			);
			buildRules = (
			);
			dependencies = (
			);
			name = NFCSampler;
			productName = NFCSampler;
			productReference = DE27ADA62B5B5ABD004E1C8B /* NFCSampler.app */;
			productType = "com.apple.product-type.application";
		};
		DE27ADB52B5B5ABE004E1C8B /* NFCSamplerTests */ = {
			isa = PBXNativeTarget;
			buildConfigurationList = DE27ADCD2B5B5ABE004E1C8B /* Build configuration list for PBXNativeTarget "NFCSamplerTests" */;
			buildPhases = (
				DE27ADB22B5B5ABE004E1C8B /* Sources */,
				DE27ADB32B5B5ABE004E1C8B /* Frameworks */,
				DE27ADB42B5B5ABE004E1C8B /* Resources */,
			);
			buildRules = (
			);
			dependencies = (
				DE27ADB82B5B5ABE004E1C8B /* PBXTargetDependency */,
			);
			name = NFCSamplerTests;
			productName = NFCSamplerTests;
			productReference = DE27ADB62B5B5ABE004E1C8B /* NFCSamplerTests.xctest */;
			productType = "com.apple.product-type.bundle.unit-test";
		};
		DE27ADBF2B5B5ABE004E1C8B /* NFCSamplerUITests */ = {
			isa = PBXNativeTarget;
			buildConfigurationList = DE27ADD02B5B5ABE004E1C8B /* Build configuration list for PBXNativeTarget "NFCSamplerUITests" */;
			buildPhases = (
				DE27ADBC2B5B5ABE004E1C8B /* Sources */,
				DE27ADBD2B5B5ABE004E1C8B /* Frameworks */,
				DE27ADBE2B5B5ABE004E1C8B /* Resources */,
			);
			buildRules = (
			);
			dependencies = (
				DE27ADC22B5B5ABE004E1C8B /* PBXTargetDependency */,
			);
			name = NFCSamplerUITests;
			productName = NFCSamplerUITests;
			productReference = DE27ADC02B5B5ABE004E1C8B /* NFCSamplerUITests.xctest */;
			productType = "com.apple.product-type.bundle.ui-testing";
		};
/* End PBXNativeTarget section */

/* Begin PBXProject section */
		DE27AD9E2B5B5ABD004E1C8B /* Project object */ = {
			isa = PBXProject;
			attributes = {
				BuildIndependentTargetsInParallel = 1;
				LastSwiftUpdateCheck = 1510;
				LastUpgradeCheck = 1510;
				TargetAttributes = {
					DE27ADA52B5B5ABD004E1C8B = {
						CreatedOnToolsVersion = 15.1;
					};
					DE27ADB52B5B5ABE004E1C8B = {
						CreatedOnToolsVersion = 15.1;
						TestTargetID = DE27ADA52B5B5ABD004E1C8B;
					};
					DE27ADBF2B5B5ABE004E1C8B = {
						CreatedOnToolsVersion = 15.1;
						TestTargetID = DE27ADA52B5B5ABD004E1C8B;
					};
				};
			};
			buildConfigurationList = DE27ADA12B5B5ABD004E1C8B /* Build configuration list for PBXProject "NFCSampler" */;
			compatibilityVersion = "Xcode 14.0";
			developmentRegion = en;
			hasScannedForEncodings = 0;
			knownRegions = (
				en,
				Base,
			);
			mainGroup = DE27AD9D2B5B5ABD004E1C8B;
			productRefGroup = DE27ADA72B5B5ABD004E1C8B /* Products */;
			projectDirPath = "";
			projectRoot = "";
			targets = (
				DE27ADA52B5B5ABD004E1C8B /* NFCSampler */,
				DE27ADB52B5B5ABE004E1C8B /* NFCSamplerTests */,
				DE27ADBF2B5B5ABE004E1C8B /* NFCSamplerUITests */,
			);
		};
/* End PBXProject section */

/* Begin PBXResourcesBuildPhase section */
		DE27ADA42B5B5ABD004E1C8B /* Resources */ = {
			isa = PBXResourcesBuildPhase;
			buildActionMask = 2147483647;
			files = (
				DE27ADB12B5B5ABE004E1C8B /* Preview Assets.xcassets in Resources */,
				DE27ADAE2B5B5ABE004E1C8B /* Assets.xcassets in Resources */,
			);
			runOnlyForDeploymentPostprocessing = 0;
		};
		DE27ADB42B5B5ABE004E1C8B /* Resources */ = {
			isa = PBXResourcesBuildPhase;
			buildActionMask = 2147483647;
			files = (
			);
			runOnlyForDeploymentPostprocessing = 0;
		};
		DE27ADBE2B5B5ABE004E1C8B /* Resources */ = {
			isa = PBXResourcesBuildPhase;
			buildActionMask = 2147483647;
			files = (
			);
			runOnlyForDeploymentPostprocessing = 0;
		};
/* End PBXResourcesBuildPhase section */

/* Begin PBXSourcesBuildPhase section */
		DE27ADA22B5B5ABD004E1C8B /* Sources */ = {
			isa = PBXSourcesBuildPhase;
			buildActionMask = 2147483647;
			files = (
				DE27ADD82B5B6E81004E1C8B /* Utility.swift in Sources */,
				DE27ADAC2B5B5ABD004E1C8B /* ContentView.swift in Sources */,
				DE27ADAA2B5B5ABD004E1C8B /* NFCSamplerApp.swift in Sources */,
				DE27ADD62B5B5B18004E1C8B /* NFCTagReader.swift in Sources */,
			);
			runOnlyForDeploymentPostprocessing = 0;
		};
		DE27ADB22B5B5ABE004E1C8B /* Sources */ = {
			isa = PBXSourcesBuildPhase;
			buildActionMask = 2147483647;
			files = (
				DE27ADBB2B5B5ABE004E1C8B /* NFCSamplerTests.swift in Sources */,
			);
			runOnlyForDeploymentPostprocessing = 0;
		};
		DE27ADBC2B5B5ABE004E1C8B /* Sources */ = {
			isa = PBXSourcesBuildPhase;
			buildActionMask = 2147483647;
			files = (
				DE27ADC52B5B5ABE004E1C8B /* NFCSamplerUITests.swift in Sources */,
				DE27ADC72B5B5ABE004E1C8B /* NFCSamplerUITestsLaunchTests.swift in Sources */,
			);
			runOnlyForDeploymentPostprocessing = 0;
		};
/* End PBXSourcesBuildPhase section */

/* Begin PBXTargetDependency section */
		DE27ADB82B5B5ABE004E1C8B /* PBXTargetDependency */ = {
			isa = PBXTargetDependency;
			target = DE27ADA52B5B5ABD004E1C8B /* NFCSampler */;
			targetProxy = DE27ADB72B5B5ABE004E1C8B /* PBXContainerItemProxy */;
		};
		DE27ADC22B5B5ABE004E1C8B /* PBXTargetDependency */ = {
			isa = PBXTargetDependency;
			target = DE27ADA52B5B5ABD004E1C8B /* NFCSampler */;
			targetProxy = DE27ADC12B5B5ABE004E1C8B /* PBXContainerItemProxy */;
		};
/* End PBXTargetDependency section */

/* Begin XCBuildConfiguration section */
		DE27ADC82B5B5ABE004E1C8B /* Debug */ = {
			isa = XCBuildConfiguration;
			buildSettings = {
				ALWAYS_SEARCH_USER_PATHS = NO;
				ASSETCATALOG_COMPILER_GENERATE_SWIFT_ASSET_SYMBOL_EXTENSIONS = YES;
				CLANG_ANALYZER_NONNULL = YES;
				CLANG_ANALYZER_NUMBER_OBJECT_CONVERSION = YES_AGGRESSIVE;
				CLANG_CXX_LANGUAGE_STANDARD = "gnu++20";
				CLANG_ENABLE_MODULES = YES;
				CLANG_ENABLE_OBJC_ARC = YES;
				CLANG_ENABLE_OBJC_WEAK = YES;
				CLANG_WARN_BLOCK_CAPTURE_AUTORELEASING = YES;
				CLANG_WARN_BOOL_CONVERSION = YES;
				CLANG_WARN_COMMA = YES;
				CLANG_WARN_CONSTANT_CONVERSION = YES;
				CLANG_WARN_DEPRECATED_OBJC_IMPLEMENTATIONS = YES;
				CLANG_WARN_DIRECT_OBJC_ISA_USAGE = YES_ERROR;
				CLANG_WARN_DOCUMENTATION_COMMENTS = YES;
				CLANG_WARN_EMPTY_BODY = YES;
				CLANG_WARN_ENUM_CONVERSION = YES;
				CLANG_WARN_INFINITE_RECURSION = YES;
				CLANG_WARN_INT_CONVERSION = YES;
				CLANG_WARN_NON_LITERAL_NULL_CONVERSION = YES;
				CLANG_WARN_OBJC_IMPLICIT_RETAIN_SELF = YES;
				CLANG_WARN_OBJC_LITERAL_CONVERSION = YES;
				CLANG_WARN_OBJC_ROOT_CLASS = YES_ERROR;
				CLANG_WARN_QUOTED_INCLUDE_IN_FRAMEWORK_HEADER = YES;
				CLANG_WARN_RANGE_LOOP_ANALYSIS = YES;
				CLANG_WARN_STRICT_PROTOTYPES = YES;
				CLANG_WARN_SUSPICIOUS_MOVE = YES;
				CLANG_WARN_UNGUARDED_AVAILABILITY = YES_AGGRESSIVE;
				CLANG_WARN_UNREACHABLE_CODE = YES;
				CLANG_WARN__DUPLICATE_METHOD_MATCH = YES;
				COPY_PHASE_STRIP = NO;
				DEBUG_INFORMATION_FORMAT = dwarf;
				ENABLE_STRICT_OBJC_MSGSEND = YES;
				ENABLE_TESTABILITY = YES;
				ENABLE_USER_SCRIPT_SANDBOXING = YES;
				GCC_C_LANGUAGE_STANDARD = gnu17;
				GCC_DYNAMIC_NO_PIC = NO;
				GCC_NO_COMMON_BLOCKS = YES;
				GCC_OPTIMIZATION_LEVEL = 0;
				GCC_PREPROCESSOR_DEFINITIONS = (
					"DEBUG=1",
					"$(inherited)",
				);
				GCC_WARN_64_TO_32_BIT_CONVERSION = YES;
				GCC_WARN_ABOUT_RETURN_TYPE = YES_ERROR;
				GCC_WARN_UNDECLARED_SELECTOR = YES;
				GCC_WARN_UNINITIALIZED_AUTOS = YES_AGGRESSIVE;
				GCC_WARN_UNUSED_FUNCTION = YES;
				GCC_WARN_UNUSED_VARIABLE = YES;
				IPHONEOS_DEPLOYMENT_TARGET = 17.2;
				LOCALIZATION_PREFERS_STRING_CATALOGS = YES;
				MTL_ENABLE_DEBUG_INFO = INCLUDE_SOURCE;
				MTL_FAST_MATH = YES;
				ONLY_ACTIVE_ARCH = YES;
				SDKROOT = iphoneos;
				SWIFT_ACTIVE_COMPILATION_CONDITIONS = "DEBUG $(inherited)";
				SWIFT_OPTIMIZATION_LEVEL = "-Onone";
			};
			name = Debug;
		};
		DE27ADC92B5B5ABE004E1C8B /* Release */ = {
			isa = XCBuildConfiguration;
			buildSettings = {
				ALWAYS_SEARCH_USER_PATHS = NO;
				ASSETCATALOG_COMPILER_GENERATE_SWIFT_ASSET_SYMBOL_EXTENSIONS = YES;
				CLANG_ANALYZER_NONNULL = YES;
				CLANG_ANALYZER_NUMBER_OBJECT_CONVERSION = YES_AGGRESSIVE;
				CLANG_CXX_LANGUAGE_STANDARD = "gnu++20";
				CLANG_ENABLE_MODULES = YES;
				CLANG_ENABLE_OBJC_ARC = YES;
				CLANG_ENABLE_OBJC_WEAK = YES;
				CLANG_WARN_BLOCK_CAPTURE_AUTORELEASING = YES;
				CLANG_WARN_BOOL_CONVERSION = YES;
				CLANG_WARN_COMMA = YES;
				CLANG_WARN_CONSTANT_CONVERSION = YES;
				CLANG_WARN_DEPRECATED_OBJC_IMPLEMENTATIONS = YES;
				CLANG_WARN_DIRECT_OBJC_ISA_USAGE = YES_ERROR;
				CLANG_WARN_DOCUMENTATION_COMMENTS = YES;
				CLANG_WARN_EMPTY_BODY = YES;
				CLANG_WARN_ENUM_CONVERSION = YES;
				CLANG_WARN_INFINITE_RECURSION = YES;
				CLANG_WARN_INT_CONVERSION = YES;
				CLANG_WARN_NON_LITERAL_NULL_CONVERSION = YES;
				CLANG_WARN_OBJC_IMPLICIT_RETAIN_SELF = YES;
				CLANG_WARN_OBJC_LITERAL_CONVERSION = YES;
				CLANG_WARN_OBJC_ROOT_CLASS = YES_ERROR;
				CLANG_WARN_QUOTED_INCLUDE_IN_FRAMEWORK_HEADER = YES;
				CLANG_WARN_RANGE_LOOP_ANALYSIS = YES;
				CLANG_WARN_STRICT_PROTOTYPES = YES;
				CLANG_WARN_SUSPICIOUS_MOVE = YES;
				CLANG_WARN_UNGUARDED_AVAILABILITY = YES_AGGRESSIVE;
				CLANG_WARN_UNREACHABLE_CODE = YES;
				CLANG_WARN__DUPLICATE_METHOD_MATCH = YES;
				COPY_PHASE_STRIP = NO;
				DEBUG_INFORMATION_FORMAT = "dwarf-with-dsym";
				ENABLE_NS_ASSERTIONS = NO;
				ENABLE_STRICT_OBJC_MSGSEND = YES;
				ENABLE_USER_SCRIPT_SANDBOXING = YES;
				GCC_C_LANGUAGE_STANDARD = gnu17;
				GCC_NO_COMMON_BLOCKS = YES;
				GCC_WARN_64_TO_32_BIT_CONVERSION = YES;
				GCC_WARN_ABOUT_RETURN_TYPE = YES_ERROR;
				GCC_WARN_UNDECLARED_SELECTOR = YES;
				GCC_WARN_UNINITIALIZED_AUTOS = YES_AGGRESSIVE;
				GCC_WARN_UNUSED_FUNCTION = YES;
				GCC_WARN_UNUSED_VARIABLE = YES;
				IPHONEOS_DEPLOYMENT_TARGET = 17.2;
				LOCALIZATION_PREFERS_STRING_CATALOGS = YES;
				MTL_ENABLE_DEBUG_INFO = NO;
				MTL_FAST_MATH = YES;
				SDKROOT = iphoneos;
				SWIFT_COMPILATION_MODE = wholemodule;
				VALIDATE_PRODUCT = YES;
			};
			name = Release;
		};
		DE27ADCB2B5B5ABE004E1C8B /* Debug */ = {
			isa = XCBuildConfiguration;
			buildSettings = {
				ASSETCATALOG_COMPILER_APPICON_NAME = AppIcon;
				ASSETCATALOG_COMPILER_GLOBAL_ACCENT_COLOR_NAME = AccentColor;
				CODE_SIGN_ENTITLEMENTS = NFCSampler/NFCSampler.entitlements;
				CODE_SIGN_STYLE = Automatic;
				CURRENT_PROJECT_VERSION = 1;
				DEVELOPMENT_ASSET_PATHS = "\"NFCSampler/Preview Content\"";
				DEVELOPMENT_TEAM = XX5J8N9TWW;
				ENABLE_PREVIEWS = YES;
				GENERATE_INFOPLIST_FILE = YES;
				INFOPLIST_FILE = NFCSampler/Info.plist;
				INFOPLIST_KEY_UIApplicationSceneManifest_Generation = YES;
				INFOPLIST_KEY_UIApplicationSupportsIndirectInputEvents = YES;
				INFOPLIST_KEY_UILaunchScreen_Generation = YES;
				INFOPLIST_KEY_UISupportedInterfaceOrientations_iPad = "UIInterfaceOrientationPortrait UIInterfaceOrientationPortraitUpsideDown UIInterfaceOrientationLandscapeLeft UIInterfaceOrientationLandscapeRight";
				INFOPLIST_KEY_UISupportedInterfaceOrientations_iPhone = "UIInterfaceOrientationPortrait UIInterfaceOrientationLandscapeLeft UIInterfaceOrientationLandscapeRight";
				LD_RUNPATH_SEARCH_PATHS = (
					"$(inherited)",
					"@executable_path/Frameworks",
				);
				MARKETING_VERSION = 1.0;
				PRODUCT_BUNDLE_IDENTIFIER = com.naoyamaeda.NFCSampler;
				PRODUCT_NAME = "$(TARGET_NAME)";
				SWIFT_EMIT_LOC_STRINGS = YES;
				SWIFT_VERSION = 5.0;
				TARGETED_DEVICE_FAMILY = "1,2";
			};
			name = Debug;
		};
		DE27ADCC2B5B5ABE004E1C8B /* Release */ = {
			isa = XCBuildConfiguration;
			buildSettings = {
				ASSETCATALOG_COMPILER_APPICON_NAME = AppIcon;
				ASSETCATALOG_COMPILER_GLOBAL_ACCENT_COLOR_NAME = AccentColor;
				CODE_SIGN_ENTITLEMENTS = NFCSampler/NFCSampler.entitlements;
				CODE_SIGN_STYLE = Automatic;
				CURRENT_PROJECT_VERSION = 1;
				DEVELOPMENT_ASSET_PATHS = "\"NFCSampler/Preview Content\"";
				DEVELOPMENT_TEAM = XX5J8N9TWW;
				ENABLE_PREVIEWS = YES;
				GENERATE_INFOPLIST_FILE = YES;
				INFOPLIST_FILE = NFCSampler/Info.plist;
				INFOPLIST_KEY_UIApplicationSceneManifest_Generation = YES;
				INFOPLIST_KEY_UIApplicationSupportsIndirectInputEvents = YES;
				INFOPLIST_KEY_UILaunchScreen_Generation = YES;
				INFOPLIST_KEY_UISupportedInterfaceOrientations_iPad = "UIInterfaceOrientationPortrait UIInterfaceOrientationPortraitUpsideDown UIInterfaceOrientationLandscapeLeft UIInterfaceOrientationLandscapeRight";
				INFOPLIST_KEY_UISupportedInterfaceOrientations_iPhone = "UIInterfaceOrientationPortrait UIInterfaceOrientationLandscapeLeft UIInterfaceOrientationLandscapeRight";
				LD_RUNPATH_SEARCH_PATHS = (
					"$(inherited)",
					"@executable_path/Frameworks",
				);
				MARKETING_VERSION = 1.0;
				PRODUCT_BUNDLE_IDENTIFIER = com.naoyamaeda.NFCSampler;
				PRODUCT_NAME = "$(TARGET_NAME)";
				SWIFT_EMIT_LOC_STRINGS = YES;
				SWIFT_VERSION = 5.0;
				TARGETED_DEVICE_FAMILY = "1,2";
			};
			name = Release;
		};
		DE27ADCE2B5B5ABE004E1C8B /* Debug */ = {
			isa = XCBuildConfiguration;
			buildSettings = {
				ALWAYS_EMBED_SWIFT_STANDARD_LIBRARIES = YES;
				BUNDLE_LOADER = "$(TEST_HOST)";
				CODE_SIGN_STYLE = Automatic;
				CURRENT_PROJECT_VERSION = 1;
				DEVELOPMENT_TEAM = XX5J8N9TWW;
				GENERATE_INFOPLIST_FILE = YES;
				IPHONEOS_DEPLOYMENT_TARGET = 17.2;
				MARKETING_VERSION = 1.0;
				PRODUCT_BUNDLE_IDENTIFIER = com.naoyamaeda.NFCSamplerTests;
				PRODUCT_NAME = "$(TARGET_NAME)";
				SWIFT_EMIT_LOC_STRINGS = NO;
				SWIFT_VERSION = 5.0;
				TARGETED_DEVICE_FAMILY = "1,2";
				TEST_HOST = "$(BUILT_PRODUCTS_DIR)/NFCSampler.app/$(BUNDLE_EXECUTABLE_FOLDER_PATH)/NFCSampler";
			};
			name = Debug;
		};
		DE27ADCF2B5B5ABE004E1C8B /* Release */ = {
			isa = XCBuildConfiguration;
			buildSettings = {
				ALWAYS_EMBED_SWIFT_STANDARD_LIBRARIES = YES;
				BUNDLE_LOADER = "$(TEST_HOST)";
				CODE_SIGN_STYLE = Automatic;
				CURRENT_PROJECT_VERSION = 1;
				DEVELOPMENT_TEAM = XX5J8N9TWW;
				GENERATE_INFOPLIST_FILE = YES;
				IPHONEOS_DEPLOYMENT_TARGET = 17.2;
				MARKETING_VERSION = 1.0;
				PRODUCT_BUNDLE_IDENTIFIER = com.naoyamaeda.NFCSamplerTests;
				PRODUCT_NAME = "$(TARGET_NAME)";
				SWIFT_EMIT_LOC_STRINGS = NO;
				SWIFT_VERSION = 5.0;
				TARGETED_DEVICE_FAMILY = "1,2";
				TEST_HOST = "$(BUILT_PRODUCTS_DIR)/NFCSampler.app/$(BUNDLE_EXECUTABLE_FOLDER_PATH)/NFCSampler";
			};
			name = Release;
		};
		DE27ADD12B5B5ABE004E1C8B /* Debug */ = {
			isa = XCBuildConfiguration;
			buildSettings = {
				ALWAYS_EMBED_SWIFT_STANDARD_LIBRARIES = YES;
				CODE_SIGN_STYLE = Automatic;
				CURRENT_PROJECT_VERSION = 1;
				DEVELOPMENT_TEAM = XX5J8N9TWW;
				GENERATE_INFOPLIST_FILE = YES;
				MARKETING_VERSION = 1.0;
				PRODUCT_BUNDLE_IDENTIFIER = com.naoyamaeda.NFCSamplerUITests;
				PRODUCT_NAME = "$(TARGET_NAME)";
				SWIFT_EMIT_LOC_STRINGS = NO;
				SWIFT_VERSION = 5.0;
				TARGETED_DEVICE_FAMILY = "1,2";
				TEST_TARGET_NAME = NFCSampler;
			};
			name = Debug;
		};
		DE27ADD22B5B5ABE004E1C8B /* Release */ = {
			isa = XCBuildConfiguration;
			buildSettings = {
				ALWAYS_EMBED_SWIFT_STANDARD_LIBRARIES = YES;
				CODE_SIGN_STYLE = Automatic;
				CURRENT_PROJECT_VERSION = 1;
				DEVELOPMENT_TEAM = XX5J8N9TWW;
				GENERATE_INFOPLIST_FILE = YES;
				MARKETING_VERSION = 1.0;
				PRODUCT_BUNDLE_IDENTIFIER = com.naoyamaeda.NFCSamplerUITests;
				PRODUCT_NAME = "$(TARGET_NAME)";
				SWIFT_EMIT_LOC_STRINGS = NO;
				SWIFT_VERSION = 5.0;
				TARGETED_DEVICE_FAMILY = "1,2";
				TEST_TARGET_NAME = NFCSampler;
			};
			name = Release;
		};
/* End XCBuildConfiguration section */

/* Begin XCConfigurationList section */
		DE27ADA12B5B5ABD004E1C8B /* Build configuration list for PBXProject "NFCSampler" */ = {
			isa = XCConfigurationList;
			buildConfigurations = (
				DE27ADC82B5B5ABE004E1C8B /* Debug */,
				DE27ADC92B5B5ABE004E1C8B /* Release */,
			);
			defaultConfigurationIsVisible = 0;
			defaultConfigurationName = Release;
		};
		DE27ADCA2B5B5ABE004E1C8B /* Build configuration list for PBXNativeTarget "NFCSampler" */ = {
			isa = XCConfigurationList;
			buildConfigurations = (
				DE27ADCB2B5B5ABE004E1C8B /* Debug */,
				DE27ADCC2B5B5ABE004E1C8B /* Release */,
			);
			defaultConfigurationIsVisible = 0;
			defaultConfigurationName = Release;
		};
		DE27ADCD2B5B5ABE004E1C8B /* Build configuration list for PBXNativeTarget "NFCSamplerTests" */ = {
			isa = XCConfigurationList;
			buildConfigurations = (
				DE27ADCE2B5B5ABE004E1C8B /* Debug */,
				DE27ADCF2B5B5ABE004E1C8B /* Release */,
			);
			defaultConfigurationIsVisible = 0;
			defaultConfigurationName = Release;
		};
		DE27ADD02B5B5ABE004E1C8B /* Build configuration list for PBXNativeTarget "NFCSamplerUITests" */ = {
			isa = XCConfigurationList;
			buildConfigurations = (
				DE27ADD12B5B5ABE004E1C8B /* Debug */,
				DE27ADD22B5B5ABE004E1C8B /* Release */,
			);
			defaultConfigurationIsVisible = 0;
			defaultConfigurationName = Release;
		};
/* End XCConfigurationList section */
	};
	rootObject = DE27AD9E2B5B5ABD004E1C8B /* Project object */;
}
